
Microsoft Visual Studio Solution File, Format Version 12.00
# Visual Studio Version 16
VisualStudioVersion = 16.0.29519.87
MinimumVisualStudioVersion = 10.0.40219.1
Project("{FAE04EC0-301F-11D3-BF4B-00C04F79EFBC}") = "TestHarnessUI", "TestHarnessUI.csproj", "{CFF9C573-22CD-412F-9B09-4227EE840381}"
EndProject
Global
	GlobalSection(SolutionConfigurationPlatforms) = preSolution
		Debug|Any CPU = Debug|Any CPU
		Release|Any CPU = Release|Any CPU
	EndGlobalSection
	GlobalSection(ProjectConfigurationPlatforms) = postSolution
		{CFF9C573-22CD-412F-9B09-4227EE840381}.Debug|Any CPU.ActiveCfg = Debug|Any CPU
		{CFF9C573-22CD-412F-9B09-4227EE840381}.Debug|Any CPU.Build.0 = Debug|Any CPU
		{CFF9C573-22CD-412F-9B09-4227EE840381}.Release|Any CPU.ActiveCfg = Release|Any CPU
		{CFF9C573-22CD-412F-9B09-4227EE840381}.Release|Any CPU.Build.0 = Release|Any CPU
	EndGlobalSection
	GlobalSection(SolutionProperties) = preSolution
		HideSolutionNode = FALSE
	EndGlobalSection
	GlobalSection(ExtensibilityGlobals) = postSolution
		SolutionGuid = {B5534901-F212-45DE-857C-179B5BB9B4E4}
	EndGlobalSection
EndGlobal
